// !$*UTF8*$!
{
	archiveVersion = 1;
	classes = {
	};
	objectVersion = 56;
	objects = {

/* Begin PBXBuildFile section */
		36638B4A2B35AD6900BF9527 /* AlertManager.swift in Sources */ = {isa = PBXBuildFile; fileRef = 36638B492B35AD6900BF9527 /* AlertManager.swift */; };
		36638B4E2B35B51400BF9527 /* GoogleService-Info.plist in Resources */ = {isa = PBXBuildFile; fileRef = 36638B4D2B35B51400BF9527 /* GoogleService-Info.plist */; };
		36638B502B35C41000BF9527 /* Authservice.swift in Sources */ = {isa = PBXBuildFile; fileRef = 36638B4F2B35C41000BF9527 /* Authservice.swift */; };
		36638B522B35C4A800BF9527 /* RegisterUserRequest.swift in Sources */ = {isa = PBXBuildFile; fileRef = 36638B512B35C4A800BF9527 /* RegisterUserRequest.swift */; };
		36638B552B35CD0400BF9527 /* LoginUserRequest.swift in Sources */ = {isa = PBXBuildFile; fileRef = 36638B542B35CD0400BF9527 /* LoginUserRequest.swift */; };
		36AFA4ED2B2B547C000D2F65 /* AppDelegate.swift in Sources */ = {isa = PBXBuildFile; fileRef = 36AFA4EC2B2B547C000D2F65 /* AppDelegate.swift */; };
		36AFA4EF2B2B547C000D2F65 /* SceneDelegate.swift in Sources */ = {isa = PBXBuildFile; fileRef = 36AFA4EE2B2B547C000D2F65 /* SceneDelegate.swift */; };
		36AFA4F12B2B547C000D2F65 /* ViewController.swift in Sources */ = {isa = PBXBuildFile; fileRef = 36AFA4F02B2B547C000D2F65 /* ViewController.swift */; };
		36AFA4F42B2B547C000D2F65 /* Main.storyboard in Resources */ = {isa = PBXBuildFile; fileRef = 36AFA4F22B2B547C000D2F65 /* Main.storyboard */; };
		36AFA4F62B2B547D000D2F65 /* Assets.xcassets in Resources */ = {isa = PBXBuildFile; fileRef = 36AFA4F52B2B547D000D2F65 /* Assets.xcassets */; };
		36AFA4F92B2B547D000D2F65 /* LaunchScreen.storyboard in Resources */ = {isa = PBXBuildFile; fileRef = 36AFA4F72B2B547D000D2F65 /* LaunchScreen.storyboard */; };
		36AFA5042B2B547D000D2F65 /* Zion_Church_AppTests.swift in Sources */ = {isa = PBXBuildFile; fileRef = 36AFA5032B2B547D000D2F65 /* Zion_Church_AppTests.swift */; };
		36AFA50E2B2B547D000D2F65 /* Zion_Church_AppUITests.swift in Sources */ = {isa = PBXBuildFile; fileRef = 36AFA50D2B2B547D000D2F65 /* Zion_Church_AppUITests.swift */; };
		36AFA5102B2B547D000D2F65 /* Zion_Church_AppUITestsLaunchTests.swift in Sources */ = {isa = PBXBuildFile; fileRef = 36AFA50F2B2B547D000D2F65 /* Zion_Church_AppUITestsLaunchTests.swift */; };
		36C0705F2B399D4A006F8025 /* LoginController.swift in Sources */ = {isa = PBXBuildFile; fileRef = 36C0705E2B399D4A006F8025 /* LoginController.swift */; };
		36C070612B399D5D006F8025 /* SignUpController.swift in Sources */ = {isa = PBXBuildFile; fileRef = 36C070602B399D5D006F8025 /* SignUpController.swift */; };
		36C070632B399D6D006F8025 /* HomeController.swift in Sources */ = {isa = PBXBuildFile; fileRef = 36C070622B399D6D006F8025 /* HomeController.swift */; };
		36C070652B39C552006F8025 /* PasswordManager.swift in Sources */ = {isa = PBXBuildFile; fileRef = 36C070642B39C552006F8025 /* PasswordManager.swift */; };
		36C070682B39CC17006F8025 /* Constants.swift in Sources */ = {isa = PBXBuildFile; fileRef = 36C070672B39CC17006F8025 /* Constants.swift */; };
		B75867BFFEAC6CF04B12F3B6 /* Pods_Zion_Church_App.framework in Frameworks */ = {isa = PBXBuildFile; fileRef = DCDAB42EDBA6176A310449FF /* Pods_Zion_Church_App.framework */; };
/* End PBXBuildFile section */

/* Begin PBXContainerItemProxy section */
		36AFA5002B2B547D000D2F65 /* PBXContainerItemProxy */ = {
			isa = PBXContainerItemProxy;
			containerPortal = 36AFA4E12B2B547C000D2F65 /* Project object */;
			proxyType = 1;
			remoteGlobalIDString = 36AFA4E82B2B547C000D2F65;
			remoteInfo = "Zion Church App";
		};
		36AFA50A2B2B547D000D2F65 /* PBXContainerItemProxy */ = {
			isa = PBXContainerItemProxy;
			containerPortal = 36AFA4E12B2B547C000D2F65 /* Project object */;
			proxyType = 1;
			remoteGlobalIDString = 36AFA4E82B2B547C000D2F65;
			remoteInfo = "Zion Church App";
		};
/* End PBXContainerItemProxy section */

/* Begin PBXFileReference section */
		36638B492B35AD6900BF9527 /* AlertManager.swift */ = {isa = PBXFileReference; lastKnownFileType = sourcecode.swift; path = AlertManager.swift; sourceTree = "<group>"; };
		36638B4D2B35B51400BF9527 /* GoogleService-Info.plist */ = {isa = PBXFileReference; fileEncoding = 4; lastKnownFileType = text.plist.xml; path = "GoogleService-Info.plist"; sourceTree = "<group>"; };
		36638B4F2B35C41000BF9527 /* Authservice.swift */ = {isa = PBXFileReference; lastKnownFileType = sourcecode.swift; path = Authservice.swift; sourceTree = "<group>"; };
		36638B512B35C4A800BF9527 /* RegisterUserRequest.swift */ = {isa = PBXFileReference; lastKnownFileType = sourcecode.swift; path = RegisterUserRequest.swift; sourceTree = "<group>"; };
		36638B542B35CD0400BF9527 /* LoginUserRequest.swift */ = {isa = PBXFileReference; lastKnownFileType = sourcecode.swift; path = LoginUserRequest.swift; sourceTree = "<group>"; };
		36AFA4E92B2B547C000D2F65 /* Zion Church App.app */ = {isa = PBXFileReference; explicitFileType = wrapper.application; includeInIndex = 0; path = "Zion Church App.app"; sourceTree = BUILT_PRODUCTS_DIR; };
		36AFA4EC2B2B547C000D2F65 /* AppDelegate.swift */ = {isa = PBXFileReference; lastKnownFileType = sourcecode.swift; path = AppDelegate.swift; sourceTree = "<group>"; };
		36AFA4EE2B2B547C000D2F65 /* SceneDelegate.swift */ = {isa = PBXFileReference; lastKnownFileType = sourcecode.swift; path = SceneDelegate.swift; sourceTree = "<group>"; };
		36AFA4F02B2B547C000D2F65 /* ViewController.swift */ = {isa = PBXFileReference; lastKnownFileType = sourcecode.swift; path = ViewController.swift; sourceTree = "<group>"; };
		36AFA4F32B2B547C000D2F65 /* Base */ = {isa = PBXFileReference; lastKnownFileType = file.storyboard; name = Base; path = Base.lproj/Main.storyboard; sourceTree = "<group>"; };
		36AFA4F52B2B547D000D2F65 /* Assets.xcassets */ = {isa = PBXFileReference; lastKnownFileType = folder.assetcatalog; path = Assets.xcassets; sourceTree = "<group>"; };
		36AFA4F82B2B547D000D2F65 /* Base */ = {isa = PBXFileReference; lastKnownFileType = file.storyboard; name = Base; path = Base.lproj/LaunchScreen.storyboard; sourceTree = "<group>"; };
		36AFA4FA2B2B547D000D2F65 /* Info.plist */ = {isa = PBXFileReference; lastKnownFileType = text.plist.xml; path = Info.plist; sourceTree = "<group>"; };
		36AFA4FF2B2B547D000D2F65 /* Zion Church AppTests.xctest */ = {isa = PBXFileReference; explicitFileType = wrapper.cfbundle; includeInIndex = 0; path = "Zion Church AppTests.xctest"; sourceTree = BUILT_PRODUCTS_DIR; };
		36AFA5032B2B547D000D2F65 /* Zion_Church_AppTests.swift */ = {isa = PBXFileReference; lastKnownFileType = sourcecode.swift; path = Zion_Church_AppTests.swift; sourceTree = "<group>"; };
		36AFA5092B2B547D000D2F65 /* Zion Church AppUITests.xctest */ = {isa = PBXFileReference; explicitFileType = wrapper.cfbundle; includeInIndex = 0; path = "Zion Church AppUITests.xctest"; sourceTree = BUILT_PRODUCTS_DIR; };
		36AFA50D2B2B547D000D2F65 /* Zion_Church_AppUITests.swift */ = {isa = PBXFileReference; lastKnownFileType = sourcecode.swift; path = Zion_Church_AppUITests.swift; sourceTree = "<group>"; };
		36AFA50F2B2B547D000D2F65 /* Zion_Church_AppUITestsLaunchTests.swift */ = {isa = PBXFileReference; lastKnownFileType = sourcecode.swift; path = Zion_Church_AppUITestsLaunchTests.swift; sourceTree = "<group>"; };
		36C0705E2B399D4A006F8025 /* LoginController.swift */ = {isa = PBXFileReference; lastKnownFileType = sourcecode.swift; path = LoginController.swift; sourceTree = "<group>"; };
		36C070602B399D5D006F8025 /* SignUpController.swift */ = {isa = PBXFileReference; lastKnownFileType = sourcecode.swift; path = SignUpController.swift; sourceTree = "<group>"; };
		36C070622B399D6D006F8025 /* HomeController.swift */ = {isa = PBXFileReference; lastKnownFileType = sourcecode.swift; path = HomeController.swift; sourceTree = "<group>"; };
		36C070642B39C552006F8025 /* PasswordManager.swift */ = {isa = PBXFileReference; lastKnownFileType = sourcecode.swift; path = PasswordManager.swift; sourceTree = "<group>"; };
		36C070672B39CC17006F8025 /* Constants.swift */ = {isa = PBXFileReference; lastKnownFileType = sourcecode.swift; path = Constants.swift; sourceTree = "<group>"; };
		7F80DB2E2CC1327915BEB2AD /* Pods-Zion Church App.debug.xcconfig */ = {isa = PBXFileReference; includeInIndex = 1; lastKnownFileType = text.xcconfig; name = "Pods-Zion Church App.debug.xcconfig"; path = "Target Support Files/Pods-Zion Church App/Pods-Zion Church App.debug.xcconfig"; sourceTree = "<group>"; };
		DCDAB42EDBA6176A310449FF /* Pods_Zion_Church_App.framework */ = {isa = PBXFileReference; explicitFileType = wrapper.framework; includeInIndex = 0; path = Pods_Zion_Church_App.framework; sourceTree = BUILT_PRODUCTS_DIR; };
		FD04B9B1F132E91019E25EFB /* Pods-Zion Church App.release.xcconfig */ = {isa = PBXFileReference; includeInIndex = 1; lastKnownFileType = text.xcconfig; name = "Pods-Zion Church App.release.xcconfig"; path = "Target Support Files/Pods-Zion Church App/Pods-Zion Church App.release.xcconfig"; sourceTree = "<group>"; };
/* End PBXFileReference section */

/* Begin PBXFrameworksBuildPhase section */
		36AFA4E62B2B547C000D2F65 /* Frameworks */ = {
			isa = PBXFrameworksBuildPhase;
			buildActionMask = 2147483647;
			files = (
				B75867BFFEAC6CF04B12F3B6 /* Pods_Zion_Church_App.framework in Frameworks */,
			);
			runOnlyForDeploymentPostprocessing = 0;
		};
		36AFA4FC2B2B547D000D2F65 /* Frameworks */ = {
			isa = PBXFrameworksBuildPhase;
			buildActionMask = 2147483647;
			files = (
			);
			runOnlyForDeploymentPostprocessing = 0;
		};
		36AFA5062B2B547D000D2F65 /* Frameworks */ = {
			isa = PBXFrameworksBuildPhase;
			buildActionMask = 2147483647;
			files = (
			);
			runOnlyForDeploymentPostprocessing = 0;
		};
/* End PBXFrameworksBuildPhase section */

/* Begin PBXGroup section */
		36638B432B35957300BF9527 /* View */ = {
			isa = PBXGroup;
			children = (
				36AFA4F22B2B547C000D2F65 /* Main.storyboard */,
			);
			path = View;
			sourceTree = "<group>";
		};
		36638B442B35957D00BF9527 /* Controller */ = {
			isa = PBXGroup;
			children = (
				36AFA4F02B2B547C000D2F65 /* ViewController.swift */,
				36C0705E2B399D4A006F8025 /* LoginController.swift */,
				36C070602B399D5D006F8025 /* SignUpController.swift */,
				36C070622B399D6D006F8025 /* HomeController.swift */,
			);
			path = Controller;
			sourceTree = "<group>";
		};
		36638B4B2B35B3B800BF9527 /* Model */ = {
			isa = PBXGroup;
			children = (
				36638B512B35C4A800BF9527 /* RegisterUserRequest.swift */,
				36638B542B35CD0400BF9527 /* LoginUserRequest.swift */,
			);
			path = Model;
			sourceTree = "<group>";
		};
		36638B4C2B35B4FE00BF9527 /* Supporting */ = {
			isa = PBXGroup;
			children = (
				36AFA4F52B2B547D000D2F65 /* Assets.xcassets */,
				36AFA4F72B2B547D000D2F65 /* LaunchScreen.storyboard */,
				36638B4D2B35B51400BF9527 /* GoogleService-Info.plist */,
			);
			path = Supporting;
			sourceTree = "<group>";
		};
		36638B532B35C64F00BF9527 /* Firebase */ = {
			isa = PBXGroup;
			children = (
				36638B492B35AD6900BF9527 /* AlertManager.swift */,
				36638B4F2B35C41000BF9527 /* Authservice.swift */,
			);
			path = Firebase;
			sourceTree = "<group>";
		};
		36AFA4E02B2B547C000D2F65 = {
			isa = PBXGroup;
			children = (
				36AFA4EB2B2B547C000D2F65 /* Zion Church App */,
				36AFA5022B2B547D000D2F65 /* Zion Church AppTests */,
				36AFA50C2B2B547D000D2F65 /* Zion Church AppUITests */,
				36AFA4EA2B2B547C000D2F65 /* Products */,
				95068DCEA622692CEBB20FB4 /* Pods */,
				D2A8D105E1AEBC8A884554F4 /* Frameworks */,
			);
			sourceTree = "<group>";
		};
		36AFA4EA2B2B547C000D2F65 /* Products */ = {
			isa = PBXGroup;
			children = (
				36AFA4E92B2B547C000D2F65 /* Zion Church App.app */,
				36AFA4FF2B2B547D000D2F65 /* Zion Church AppTests.xctest */,
				36AFA5092B2B547D000D2F65 /* Zion Church AppUITests.xctest */,
			);
			name = Products;
			sourceTree = "<group>";
		};
		36AFA4EB2B2B547C000D2F65 /* Zion Church App */ = {
			isa = PBXGroup;
			children = (
				36AFA4EC2B2B547C000D2F65 /* AppDelegate.swift */,
				36AFA4EE2B2B547C000D2F65 /* SceneDelegate.swift */,
				36AFA4FA2B2B547D000D2F65 /* Info.plist */,
				36C070662B39CC00006F8025 /* Helpers  */,
				36638B532B35C64F00BF9527 /* Firebase */,
				36638B4B2B35B3B800BF9527 /* Model */,
				36638B442B35957D00BF9527 /* Controller */,
				36638B432B35957300BF9527 /* View */,
				36638B4C2B35B4FE00BF9527 /* Supporting */,
			);
			path = "Zion Church App";
			sourceTree = "<group>";
		};
		36AFA5022B2B547D000D2F65 /* Zion Church AppTests */ = {
			isa = PBXGroup;
			children = (
				36AFA5032B2B547D000D2F65 /* Zion_Church_AppTests.swift */,
			);
			path = "Zion Church AppTests";
			sourceTree = "<group>";
		};
		36AFA50C2B2B547D000D2F65 /* Zion Church AppUITests */ = {
			isa = PBXGroup;
			children = (
				36AFA50D2B2B547D000D2F65 /* Zion_Church_AppUITests.swift */,
				36AFA50F2B2B547D000D2F65 /* Zion_Church_AppUITestsLaunchTests.swift */,
			);
			path = "Zion Church AppUITests";
			sourceTree = "<group>";
		};
		36C070662B39CC00006F8025 /* Helpers  */ = {
			isa = PBXGroup;
			children = (
				36C070672B39CC17006F8025 /* Constants.swift */,
				36C070642B39C552006F8025 /* PasswordManager.swift */,
			);
			path = "Helpers ";
			sourceTree = "<group>";
		};
		95068DCEA622692CEBB20FB4 /* Pods */ = {
			isa = PBXGroup;
			children = (
				7F80DB2E2CC1327915BEB2AD /* Pods-Zion Church App.debug.xcconfig */,
				FD04B9B1F132E91019E25EFB /* Pods-Zion Church App.release.xcconfig */,
			);
			path = Pods;
			sourceTree = "<group>";
		};
		D2A8D105E1AEBC8A884554F4 /* Frameworks */ = {
			isa = PBXGroup;
			children = (
				DCDAB42EDBA6176A310449FF /* Pods_Zion_Church_App.framework */,
			);
			name = Frameworks;
			sourceTree = "<group>";
		};
/* End PBXGroup section */

/* Begin PBXNativeTarget section */
		36AFA4E82B2B547C000D2F65 /* Zion Church App */ = {
			isa = PBXNativeTarget;
			buildConfigurationList = 36AFA5132B2B547D000D2F65 /* Build configuration list for PBXNativeTarget "Zion Church App" */;
			buildPhases = (
				58600EE679C851DF18B5D64D /* [CP] Check Pods Manifest.lock */,
				36AFA4E52B2B547C000D2F65 /* Sources */,
				36AFA4E62B2B547C000D2F65 /* Frameworks */,
				36AFA4E72B2B547C000D2F65 /* Resources */,
				9E9B23A635C5F53E66ED5168 /* [CP] Embed Pods Frameworks */,
			);
			buildRules = (
			);
			dependencies = (
			);
			name = "Zion Church App";
			productName = "Zion Church App";
			productReference = 36AFA4E92B2B547C000D2F65 /* Zion Church App.app */;
			productType = "com.apple.product-type.application";
		};
		36AFA4FE2B2B547D000D2F65 /* Zion Church AppTests */ = {
			isa = PBXNativeTarget;
			buildConfigurationList = 36AFA5162B2B547D000D2F65 /* Build configuration list for PBXNativeTarget "Zion Church AppTests" */;
			buildPhases = (
				36AFA4FB2B2B547D000D2F65 /* Sources */,
				36AFA4FC2B2B547D000D2F65 /* Frameworks */,
				36AFA4FD2B2B547D000D2F65 /* Resources */,
			);
			buildRules = (
			);
			dependencies = (
				36AFA5012B2B547D000D2F65 /* PBXTargetDependency */,
			);
			name = "Zion Church AppTests";
			productName = "Zion Church AppTests";
			productReference = 36AFA4FF2B2B547D000D2F65 /* Zion Church AppTests.xctest */;
			productType = "com.apple.product-type.bundle.unit-test";
		};
		36AFA5082B2B547D000D2F65 /* Zion Church AppUITests */ = {
			isa = PBXNativeTarget;
			buildConfigurationList = 36AFA5192B2B547D000D2F65 /* Build configuration list for PBXNativeTarget "Zion Church AppUITests" */;
			buildPhases = (
				36AFA5052B2B547D000D2F65 /* Sources */,
				36AFA5062B2B547D000D2F65 /* Frameworks */,
				36AFA5072B2B547D000D2F65 /* Resources */,
			);
			buildRules = (
			);
			dependencies = (
				36AFA50B2B2B547D000D2F65 /* PBXTargetDependency */,
			);
			name = "Zion Church AppUITests";
			productName = "Zion Church AppUITests";
			productReference = 36AFA5092B2B547D000D2F65 /* Zion Church AppUITests.xctest */;
			productType = "com.apple.product-type.bundle.ui-testing";
		};
/* End PBXNativeTarget section */

/* Begin PBXProject section */
		36AFA4E12B2B547C000D2F65 /* Project object */ = {
			isa = PBXProject;
			attributes = {
				BuildIndependentTargetsInParallel = 1;
				LastSwiftUpdateCheck = 1510;
				LastUpgradeCheck = 1510;
				TargetAttributes = {
					36AFA4E82B2B547C000D2F65 = {
						CreatedOnToolsVersion = 15.1;
					};
					36AFA4FE2B2B547D000D2F65 = {
						CreatedOnToolsVersion = 15.1;
						TestTargetID = 36AFA4E82B2B547C000D2F65;
					};
					36AFA5082B2B547D000D2F65 = {
						CreatedOnToolsVersion = 15.1;
						TestTargetID = 36AFA4E82B2B547C000D2F65;
					};
				};
			};
			buildConfigurationList = 36AFA4E42B2B547C000D2F65 /* Build configuration list for PBXProject "Zion Church App" */;
			compatibilityVersion = "Xcode 14.0";
			developmentRegion = en;
			hasScannedForEncodings = 0;
			knownRegions = (
				en,
				Base,
			);
			mainGroup = 36AFA4E02B2B547C000D2F65;
			productRefGroup = 36AFA4EA2B2B547C000D2F65 /* Products */;
			projectDirPath = "";
			projectRoot = "";
			targets = (
				36AFA4E82B2B547C000D2F65 /* Zion Church App */,
				36AFA4FE2B2B547D000D2F65 /* Zion Church AppTests */,
				36AFA5082B2B547D000D2F65 /* Zion Church AppUITests */,
			);
		};
/* End PBXProject section */

/* Begin PBXResourcesBuildPhase section */
		36AFA4E72B2B547C000D2F65 /* Resources */ = {
			isa = PBXResourcesBuildPhase;
			buildActionMask = 2147483647;
			files = (
				36AFA4F92B2B547D000D2F65 /* LaunchScreen.storyboard in Resources */,
				36AFA4F62B2B547D000D2F65 /* Assets.xcassets in Resources */,
				36AFA4F42B2B547C000D2F65 /* Main.storyboard in Resources */,
				36638B4E2B35B51400BF9527 /* GoogleService-Info.plist in Resources */,
			);
			runOnlyForDeploymentPostprocessing = 0;
		};
		36AFA4FD2B2B547D000D2F65 /* Resources */ = {
			isa = PBXResourcesBuildPhase;
			buildActionMask = 2147483647;
			files = (
			);
			runOnlyForDeploymentPostprocessing = 0;
		};
		36AFA5072B2B547D000D2F65 /* Resources */ = {
			isa = PBXResourcesBuildPhase;
			buildActionMask = 2147483647;
			files = (
			);
			runOnlyForDeploymentPostprocessing = 0;
		};
/* End PBXResourcesBuildPhase section */

/* Begin PBXShellScriptBuildPhase section */
		58600EE679C851DF18B5D64D /* [CP] Check Pods Manifest.lock */ = {
			isa = PBXShellScriptBuildPhase;
			buildActionMask = 2147483647;
			files = (
			);
			inputFileListPaths = (
			);
			inputPaths = (
				"${PODS_PODFILE_DIR_PATH}/Podfile.lock",
				"${PODS_ROOT}/Manifest.lock",
			);
			name = "[CP] Check Pods Manifest.lock";
			outputFileListPaths = (
			);
			outputPaths = (
				"$(DERIVED_FILE_DIR)/Pods-Zion Church App-checkManifestLockResult.txt",
			);
			runOnlyForDeploymentPostprocessing = 0;
			shellPath = /bin/sh;
			shellScript = "diff \"${PODS_PODFILE_DIR_PATH}/Podfile.lock\" \"${PODS_ROOT}/Manifest.lock\" > /dev/null\nif [ $? != 0 ] ; then\n    # print error to STDERR\n    echo \"error: The sandbox is not in sync with the Podfile.lock. Run 'pod install' or update your CocoaPods installation.\" >&2\n    exit 1\nfi\n# This output is used by Xcode 'outputs' to avoid re-running this script phase.\necho \"SUCCESS\" > \"${SCRIPT_OUTPUT_FILE_0}\"\n";
			showEnvVarsInLog = 0;
		};
		9E9B23A635C5F53E66ED5168 /* [CP] Embed Pods Frameworks */ = {
			isa = PBXShellScriptBuildPhase;
			buildActionMask = 2147483647;
			files = (
			);
			inputFileListPaths = (
				"${PODS_ROOT}/Target Support Files/Pods-Zion Church App/Pods-Zion Church App-frameworks-${CONFIGURATION}-input-files.xcfilelist",
			);
			name = "[CP] Embed Pods Frameworks";
			outputFileListPaths = (
				"${PODS_ROOT}/Target Support Files/Pods-Zion Church App/Pods-Zion Church App-frameworks-${CONFIGURATION}-output-files.xcfilelist",
			);
			runOnlyForDeploymentPostprocessing = 0;
			shellPath = /bin/sh;
			shellScript = "\"${PODS_ROOT}/Target Support Files/Pods-Zion Church App/Pods-Zion Church App-frameworks.sh\"\n";
			showEnvVarsInLog = 0;
		};
/* End PBXShellScriptBuildPhase section */

/* Begin PBXSourcesBuildPhase section */
		36AFA4E52B2B547C000D2F65 /* Sources */ = {
			isa = PBXSourcesBuildPhase;
			buildActionMask = 2147483647;
			files = (
				36638B522B35C4A800BF9527 /* RegisterUserRequest.swift in Sources */,
				36C070652B39C552006F8025 /* PasswordManager.swift in Sources */,
				36AFA4F12B2B547C000D2F65 /* ViewController.swift in Sources */,
				36638B4A2B35AD6900BF9527 /* AlertManager.swift in Sources */,
				36638B502B35C41000BF9527 /* Authservice.swift in Sources */,
				36C070632B399D6D006F8025 /* HomeController.swift in Sources */,
				36C070612B399D5D006F8025 /* SignUpController.swift in Sources */,
				36638B552B35CD0400BF9527 /* LoginUserRequest.swift in Sources */,
				36AFA4ED2B2B547C000D2F65 /* AppDelegate.swift in Sources */,
				36AFA4EF2B2B547C000D2F65 /* SceneDelegate.swift in Sources */,
				36C0705F2B399D4A006F8025 /* LoginController.swift in Sources */,
				36C070682B39CC17006F8025 /* Constants.swift in Sources */,
			);
			runOnlyForDeploymentPostprocessing = 0;
		};
		36AFA4FB2B2B547D000D2F65 /* Sources */ = {
			isa = PBXSourcesBuildPhase;
			buildActionMask = 2147483647;
			files = (
				36AFA5042B2B547D000D2F65 /* Zion_Church_AppTests.swift in Sources */,
			);
			runOnlyForDeploymentPostprocessing = 0;
		};
		36AFA5052B2B547D000D2F65 /* Sources */ = {
			isa = PBXSourcesBuildPhase;
			buildActionMask = 2147483647;
			files = (
				36AFA50E2B2B547D000D2F65 /* Zion_Church_AppUITests.swift in Sources */,
				36AFA5102B2B547D000D2F65 /* Zion_Church_AppUITestsLaunchTests.swift in Sources */,
			);
			runOnlyForDeploymentPostprocessing = 0;
		};
/* End PBXSourcesBuildPhase section */

/* Begin PBXTargetDependency section */
		36AFA5012B2B547D000D2F65 /* PBXTargetDependency */ = {
			isa = PBXTargetDependency;
			target = 36AFA4E82B2B547C000D2F65 /* Zion Church App */;
			targetProxy = 36AFA5002B2B547D000D2F65 /* PBXContainerItemProxy */;
		};
		36AFA50B2B2B547D000D2F65 /* PBXTargetDependency */ = {
			isa = PBXTargetDependency;
			target = 36AFA4E82B2B547C000D2F65 /* Zion Church App */;
			targetProxy = 36AFA50A2B2B547D000D2F65 /* PBXContainerItemProxy */;
		};
/* End PBXTargetDependency section */

/* Begin PBXVariantGroup section */
		36AFA4F22B2B547C000D2F65 /* Main.storyboard */ = {
			isa = PBXVariantGroup;
			children = (
				36AFA4F32B2B547C000D2F65 /* Base */,
			);
			name = Main.storyboard;
			sourceTree = "<group>";
		};
		36AFA4F72B2B547D000D2F65 /* LaunchScreen.storyboard */ = {
			isa = PBXVariantGroup;
			children = (
				36AFA4F82B2B547D000D2F65 /* Base */,
			);
			name = LaunchScreen.storyboard;
			sourceTree = "<group>";
		};
/* End PBXVariantGroup section */

/* Begin XCBuildConfiguration section */
		36AFA5112B2B547D000D2F65 /* Debug */ = {
			isa = XCBuildConfiguration;
			buildSettings = {
				ALWAYS_SEARCH_USER_PATHS = NO;
				ASSETCATALOG_COMPILER_GENERATE_SWIFT_ASSET_SYMBOL_EXTENSIONS = YES;
				CLANG_ANALYZER_NONNULL = YES;
				CLANG_ANALYZER_NUMBER_OBJECT_CONVERSION = YES_AGGRESSIVE;
				CLANG_CXX_LANGUAGE_STANDARD = "gnu++20";
				CLANG_ENABLE_MODULES = YES;
				CLANG_ENABLE_OBJC_ARC = YES;
				CLANG_ENABLE_OBJC_WEAK = YES;
				CLANG_WARN_BLOCK_CAPTURE_AUTORELEASING = YES;
				CLANG_WARN_BOOL_CONVERSION = YES;
				CLANG_WARN_COMMA = YES;
				CLANG_WARN_CONSTANT_CONVERSION = YES;
				CLANG_WARN_DEPRECATED_OBJC_IMPLEMENTATIONS = YES;
				CLANG_WARN_DIRECT_OBJC_ISA_USAGE = YES_ERROR;
				CLANG_WARN_DOCUMENTATION_COMMENTS = YES;
				CLANG_WARN_EMPTY_BODY = YES;
				CLANG_WARN_ENUM_CONVERSION = YES;
				CLANG_WARN_INFINITE_RECURSION = YES;
				CLANG_WARN_INT_CONVERSION = YES;
				CLANG_WARN_NON_LITERAL_NULL_CONVERSION = YES;
				CLANG_WARN_OBJC_IMPLICIT_RETAIN_SELF = YES;
				CLANG_WARN_OBJC_LITERAL_CONVERSION = YES;
				CLANG_WARN_OBJC_ROOT_CLASS = YES_ERROR;
				CLANG_WARN_QUOTED_INCLUDE_IN_FRAMEWORK_HEADER = YES;
				CLANG_WARN_RANGE_LOOP_ANALYSIS = YES;
				CLANG_WARN_STRICT_PROTOTYPES = YES;
				CLANG_WARN_SUSPICIOUS_MOVE = YES;
				CLANG_WARN_UNGUARDED_AVAILABILITY = YES_AGGRESSIVE;
				CLANG_WARN_UNREACHABLE_CODE = YES;
				CLANG_WARN__DUPLICATE_METHOD_MATCH = YES;
				COPY_PHASE_STRIP = NO;
				DEBUG_INFORMATION_FORMAT = dwarf;
				ENABLE_STRICT_OBJC_MSGSEND = YES;
				ENABLE_TESTABILITY = YES;
				ENABLE_USER_SCRIPT_SANDBOXING = NO;
				GCC_C_LANGUAGE_STANDARD = gnu17;
				GCC_DYNAMIC_NO_PIC = NO;
				GCC_NO_COMMON_BLOCKS = YES;
				GCC_OPTIMIZATION_LEVEL = 0;
				GCC_PREPROCESSOR_DEFINITIONS = (
					"DEBUG=1",
					"$(inherited)",
				);
				GCC_WARN_64_TO_32_BIT_CONVERSION = YES;
				GCC_WARN_ABOUT_RETURN_TYPE = YES_ERROR;
				GCC_WARN_UNDECLARED_SELECTOR = YES;
				GCC_WARN_UNINITIALIZED_AUTOS = YES_AGGRESSIVE;
				GCC_WARN_UNUSED_FUNCTION = YES;
				GCC_WARN_UNUSED_VARIABLE = YES;
				IPHONEOS_DEPLOYMENT_TARGET = 17.2;
				LOCALIZATION_PREFERS_STRING_CATALOGS = YES;
				MTL_ENABLE_DEBUG_INFO = INCLUDE_SOURCE;
				MTL_FAST_MATH = YES;
				ONLY_ACTIVE_ARCH = YES;
				SDKROOT = iphoneos;
				SWIFT_ACTIVE_COMPILATION_CONDITIONS = "DEBUG $(inherited)";
				SWIFT_OPTIMIZATION_LEVEL = "-Onone";
			};
			name = Debug;
		};
		36AFA5122B2B547D000D2F65 /* Release */ = {
			isa = XCBuildConfiguration;
			buildSettings = {
				ALWAYS_SEARCH_USER_PATHS = NO;
				ASSETCATALOG_COMPILER_GENERATE_SWIFT_ASSET_SYMBOL_EXTENSIONS = YES;
				CLANG_ANALYZER_NONNULL = YES;
				CLANG_ANALYZER_NUMBER_OBJECT_CONVERSION = YES_AGGRESSIVE;
				CLANG_CXX_LANGUAGE_STANDARD = "gnu++20";
				CLANG_ENABLE_MODULES = YES;
				CLANG_ENABLE_OBJC_ARC = YES;
				CLANG_ENABLE_OBJC_WEAK = YES;
				CLANG_WARN_BLOCK_CAPTURE_AUTORELEASING = YES;
				CLANG_WARN_BOOL_CONVERSION = YES;
				CLANG_WARN_COMMA = YES;
				CLANG_WARN_CONSTANT_CONVERSION = YES;
				CLANG_WARN_DEPRECATED_OBJC_IMPLEMENTATIONS = YES;
				CLANG_WARN_DIRECT_OBJC_ISA_USAGE = YES_ERROR;
				CLANG_WARN_DOCUMENTATION_COMMENTS = YES;
				CLANG_WARN_EMPTY_BODY = YES;
				CLANG_WARN_ENUM_CONVERSION = YES;
				CLANG_WARN_INFINITE_RECURSION = YES;
				CLANG_WARN_INT_CONVERSION = YES;
				CLANG_WARN_NON_LITERAL_NULL_CONVERSION = YES;
				CLANG_WARN_OBJC_IMPLICIT_RETAIN_SELF = YES;
				CLANG_WARN_OBJC_LITERAL_CONVERSION = YES;
				CLANG_WARN_OBJC_ROOT_CLASS = YES_ERROR;
				CLANG_WARN_QUOTED_INCLUDE_IN_FRAMEWORK_HEADER = YES;
				CLANG_WARN_RANGE_LOOP_ANALYSIS = YES;
				CLANG_WARN_STRICT_PROTOTYPES = YES;
				CLANG_WARN_SUSPICIOUS_MOVE = YES;
				CLANG_WARN_UNGUARDED_AVAILABILITY = YES_AGGRESSIVE;
				CLANG_WARN_UNREACHABLE_CODE = YES;
				CLANG_WARN__DUPLICATE_METHOD_MATCH = YES;
				COPY_PHASE_STRIP = NO;
				DEBUG_INFORMATION_FORMAT = "dwarf-with-dsym";
				ENABLE_NS_ASSERTIONS = NO;
				ENABLE_STRICT_OBJC_MSGSEND = YES;
				ENABLE_USER_SCRIPT_SANDBOXING = NO;
				GCC_C_LANGUAGE_STANDARD = gnu17;
				GCC_NO_COMMON_BLOCKS = YES;
				GCC_WARN_64_TO_32_BIT_CONVERSION = YES;
				GCC_WARN_ABOUT_RETURN_TYPE = YES_ERROR;
				GCC_WARN_UNDECLARED_SELECTOR = YES;
				GCC_WARN_UNINITIALIZED_AUTOS = YES_AGGRESSIVE;
				GCC_WARN_UNUSED_FUNCTION = YES;
				GCC_WARN_UNUSED_VARIABLE = YES;
				IPHONEOS_DEPLOYMENT_TARGET = 17.2;
				LOCALIZATION_PREFERS_STRING_CATALOGS = YES;
				MTL_ENABLE_DEBUG_INFO = NO;
				MTL_FAST_MATH = YES;
				SDKROOT = iphoneos;
				SWIFT_COMPILATION_MODE = wholemodule;
				VALIDATE_PRODUCT = YES;
			};
			name = Release;
		};
		36AFA5142B2B547D000D2F65 /* Debug */ = {
			isa = XCBuildConfiguration;
			baseConfigurationReference = 7F80DB2E2CC1327915BEB2AD /* Pods-Zion Church App.debug.xcconfig */;
			buildSettings = {
				ASSETCATALOG_COMPILER_APPICON_NAME = AppIcon;
				ASSETCATALOG_COMPILER_GLOBAL_ACCENT_COLOR_NAME = AccentColor;
				CODE_SIGN_STYLE = Automatic;
				CURRENT_PROJECT_VERSION = 1;
				DEVELOPMENT_TEAM = S6ZFW3NA3K;
				GENERATE_INFOPLIST_FILE = YES;
				INFOPLIST_FILE = "Zion Church App/Info.plist";
				INFOPLIST_KEY_CFBundleDisplayName = "ZionChurch App";
				INFOPLIST_KEY_UIApplicationSupportsIndirectInputEvents = YES;
				INFOPLIST_KEY_UILaunchStoryboardName = LaunchScreen;
				INFOPLIST_KEY_UIMainStoryboardFile = Main;
				INFOPLIST_KEY_UISupportedInterfaceOrientations_iPad = "UIInterfaceOrientationPortrait UIInterfaceOrientationPortraitUpsideDown UIInterfaceOrientationLandscapeLeft UIInterfaceOrientationLandscapeRight";
				INFOPLIST_KEY_UISupportedInterfaceOrientations_iPhone = "UIInterfaceOrientationPortrait UIInterfaceOrientationLandscapeLeft UIInterfaceOrientationLandscapeRight";
				IPHONEOS_DEPLOYMENT_TARGET = 16.0;
				LD_RUNPATH_SEARCH_PATHS = (
					"$(inherited)",
					"@executable_path/Frameworks",
				);
				MARKETING_VERSION = 1.0;
				PRODUCT_BUNDLE_IDENTIFIER = "johnmark.Zion-Church-App";
				PRODUCT_NAME = "$(TARGET_NAME)";
				SWIFT_EMIT_LOC_STRINGS = YES;
				SWIFT_VERSION = 5.0;
				TARGETED_DEVICE_FAMILY = "1,2";
			};
			name = Debug;
		};
		36AFA5152B2B547D000D2F65 /* Release */ = {
			isa = XCBuildConfiguration;
			baseConfigurationReference = FD04B9B1F132E91019E25EFB /* Pods-Zion Church App.release.xcconfig */;
			buildSettings = {
				ASSETCATALOG_COMPILER_APPICON_NAME = AppIcon;
				ASSETCATALOG_COMPILER_GLOBAL_ACCENT_COLOR_NAME = AccentColor;
				CODE_SIGN_STYLE = Automatic;
				CURRENT_PROJECT_VERSION = 1;
				DEVELOPMENT_TEAM = S6ZFW3NA3K;
				GENERATE_INFOPLIST_FILE = YES;
				INFOPLIST_FILE = "Zion Church App/Info.plist";
				INFOPLIST_KEY_CFBundleDisplayName = "ZionChurch App";
				INFOPLIST_KEY_UIApplicationSupportsIndirectInputEvents = YES;
				INFOPLIST_KEY_UILaunchStoryboardName = LaunchScreen;
				INFOPLIST_KEY_UIMainStoryboardFile = Main;
				INFOPLIST_KEY_UISupportedInterfaceOrientations_iPad = "UIInterfaceOrientationPortrait UIInterfaceOrientationPortraitUpsideDown UIInterfaceOrientationLandscapeLeft UIInterfaceOrientationLandscapeRight";
				INFOPLIST_KEY_UISupportedInterfaceOrientations_iPhone = "UIInterfaceOrientationPortrait UIInterfaceOrientationLandscapeLeft UIInterfaceOrientationLandscapeRight";
				IPHONEOS_DEPLOYMENT_TARGET = 16.0;
				LD_RUNPATH_SEARCH_PATHS = (
					"$(inherited)",
					"@executable_path/Frameworks",
				);
				MARKETING_VERSION = 1.0;
				PRODUCT_BUNDLE_IDENTIFIER = "johnmark.Zion-Church-App";
				PRODUCT_NAME = "$(TARGET_NAME)";
				SWIFT_EMIT_LOC_STRINGS = YES;
				SWIFT_VERSION = 5.0;
				TARGETED_DEVICE_FAMILY = "1,2";
			};
			name = Release;
		};
		36AFA5172B2B547D000D2F65 /* Debug */ = {
			isa = XCBuildConfiguration;
			buildSettings = {
				ALWAYS_EMBED_SWIFT_STANDARD_LIBRARIES = YES;
				BUNDLE_LOADER = "$(TEST_HOST)";
				CODE_SIGN_STYLE = Automatic;
				CURRENT_PROJECT_VERSION = 1;
				DEVELOPMENT_TEAM = S6ZFW3NA3K;
				GENERATE_INFOPLIST_FILE = YES;
				IPHONEOS_DEPLOYMENT_TARGET = 17.2;
				MARKETING_VERSION = 1.0;
				PRODUCT_BUNDLE_IDENTIFIER = "johnmark.Zion-Church-AppTests";
				PRODUCT_NAME = "$(TARGET_NAME)";
				SWIFT_EMIT_LOC_STRINGS = NO;
				SWIFT_VERSION = 5.0;
				TARGETED_DEVICE_FAMILY = "1,2";
				TEST_HOST = "$(BUILT_PRODUCTS_DIR)/Zion Church App.app/$(BUNDLE_EXECUTABLE_FOLDER_PATH)/Zion Church App";
			};
			name = Debug;
		};
		36AFA5182B2B547D000D2F65 /* Release */ = {
			isa = XCBuildConfiguration;
			buildSettings = {
				ALWAYS_EMBED_SWIFT_STANDARD_LIBRARIES = YES;
				BUNDLE_LOADER = "$(TEST_HOST)";
				CODE_SIGN_STYLE = Automatic;
				CURRENT_PROJECT_VERSION = 1;
				DEVELOPMENT_TEAM = S6ZFW3NA3K;
				GENERATE_INFOPLIST_FILE = YES;
				IPHONEOS_DEPLOYMENT_TARGET = 17.2;
				MARKETING_VERSION = 1.0;
				PRODUCT_BUNDLE_IDENTIFIER = "johnmark.Zion-Church-AppTests";
				PRODUCT_NAME = "$(TARGET_NAME)";
				SWIFT_EMIT_LOC_STRINGS = NO;
				SWIFT_VERSION = 5.0;
				TARGETED_DEVICE_FAMILY = "1,2";
				TEST_HOST = "$(BUILT_PRODUCTS_DIR)/Zion Church App.app/$(BUNDLE_EXECUTABLE_FOLDER_PATH)/Zion Church App";
			};
			name = Release;
		};
		36AFA51A2B2B547D000D2F65 /* Debug */ = {
			isa = XCBuildConfiguration;
			buildSettings = {
				ALWAYS_EMBED_SWIFT_STANDARD_LIBRARIES = YES;
				CODE_SIGN_STYLE = Automatic;
				CURRENT_PROJECT_VERSION = 1;
				DEVELOPMENT_TEAM = S6ZFW3NA3K;
				GENERATE_INFOPLIST_FILE = YES;
				MARKETING_VERSION = 1.0;
				PRODUCT_BUNDLE_IDENTIFIER = "johnmark.Zion-Church-AppUITests";
				PRODUCT_NAME = "$(TARGET_NAME)";
				SWIFT_EMIT_LOC_STRINGS = NO;
				SWIFT_VERSION = 5.0;
				TARGETED_DEVICE_FAMILY = "1,2";
				TEST_TARGET_NAME = "Zion Church App";
			};
			name = Debug;
		};
		36AFA51B2B2B547D000D2F65 /* Release */ = {
			isa = XCBuildConfiguration;
			buildSettings = {
				ALWAYS_EMBED_SWIFT_STANDARD_LIBRARIES = YES;
				CODE_SIGN_STYLE = Automatic;
				CURRENT_PROJECT_VERSION = 1;
				DEVELOPMENT_TEAM = S6ZFW3NA3K;
				GENERATE_INFOPLIST_FILE = YES;
				MARKETING_VERSION = 1.0;
				PRODUCT_BUNDLE_IDENTIFIER = "johnmark.Zion-Church-AppUITests";
				PRODUCT_NAME = "$(TARGET_NAME)";
				SWIFT_EMIT_LOC_STRINGS = NO;
				SWIFT_VERSION = 5.0;
				TARGETED_DEVICE_FAMILY = "1,2";
				TEST_TARGET_NAME = "Zion Church App";
			};
			name = Release;
		};
/* End XCBuildConfiguration section */

/* Begin XCConfigurationList section */
		36AFA4E42B2B547C000D2F65 /* Build configuration list for PBXProject "Zion Church App" */ = {
			isa = XCConfigurationList;
			buildConfigurations = (
				36AFA5112B2B547D000D2F65 /* Debug */,
				36AFA5122B2B547D000D2F65 /* Release */,
			);
			defaultConfigurationIsVisible = 0;
			defaultConfigurationName = Release;
		};
		36AFA5132B2B547D000D2F65 /* Build configuration list for PBXNativeTarget "Zion Church App" */ = {
			isa = XCConfigurationList;
			buildConfigurations = (
				36AFA5142B2B547D000D2F65 /* Debug */,
				36AFA5152B2B547D000D2F65 /* Release */,
			);
			defaultConfigurationIsVisible = 0;
			defaultConfigurationName = Release;
		};
		36AFA5162B2B547D000D2F65 /* Build configuration list for PBXNativeTarget "Zion Church AppTests" */ = {
			isa = XCConfigurationList;
			buildConfigurations = (
				36AFA5172B2B547D000D2F65 /* Debug */,
				36AFA5182B2B547D000D2F65 /* Release */,
			);
			defaultConfigurationIsVisible = 0;
			defaultConfigurationName = Release;
		};
		36AFA5192B2B547D000D2F65 /* Build configuration list for PBXNativeTarget "Zion Church AppUITests" */ = {
			isa = XCConfigurationList;
			buildConfigurations = (
				36AFA51A2B2B547D000D2F65 /* Debug */,
				36AFA51B2B2B547D000D2F65 /* Release */,
			);
			defaultConfigurationIsVisible = 0;
			defaultConfigurationName = Release;
		};
/* End XCConfigurationList section */
	};
	rootObject = 36AFA4E12B2B547C000D2F65 /* Project object */;
}
